
Microsoft Visual Studio Solution File, Format Version 12.00
# Visual Studio Version 17
VisualStudioVersion = 17.0.32002.185
MinimumVisualStudioVersion = 10.0.40219.1
Project("{FAE04EC0-301F-11D3-BF4B-00C04F79EFBC}") = "Lab4_4", "Lab4_4\Lab4_4.csproj", "{F52FCC15-CF09-4D99-80F9-EB2F2562AE78}"
EndProject
Global
	GlobalSection(SolutionConfigurationPlatforms) = preSolution
		Debug|Any CPU = Debug|Any CPU
		Release|Any CPU = Release|Any CPU
	EndGlobalSection
	GlobalSection(ProjectConfigurationPlatforms) = postSolution
		{F52FCC15-CF09-4D99-80F9-EB2F2562AE78}.Debug|Any CPU.ActiveCfg = Debug|Any CPU
		{F52FCC15-CF09-4D99-80F9-EB2F2562AE78}.Debug|Any CPU.Build.0 = Debug|Any CPU
		{F52FCC15-CF09-4D99-80F9-EB2F2562AE78}.Release|Any CPU.ActiveCfg = Release|Any CPU
		{F52FCC15-CF09-4D99-80F9-EB2F2562AE78}.Release|Any CPU.Build.0 = Release|Any CPU
	EndGlobalSection
	GlobalSection(SolutionProperties) = preSolution
		HideSolutionNode = FALSE
	EndGlobalSection
	GlobalSection(ExtensibilityGlobals) = postSolution
		SolutionGuid = {26314E00-E56B-489D-B7B1-B86C4BA27B06}
	EndGlobalSection
EndGlobal
